// !$*UTF8*$!
{
	archiveVersion = 1;
	classes = {
	};
	objectVersion = 48;
	objects = {

/* Begin PBXBuildFile section */
		4A1C442C20231C5100A3ADA5 /* AppDelegate.swift in Sources */ = {isa = PBXBuildFile; fileRef = 4A1C442B20231C5100A3ADA5 /* AppDelegate.swift */; };
		4A1C442E20231C5100A3ADA5 /* ViewController.swift in Sources */ = {isa = PBXBuildFile; fileRef = 4A1C442D20231C5100A3ADA5 /* ViewController.swift */; };
		4A1C443120231C5100A3ADA5 /* Main.storyboard in Resources */ = {isa = PBXBuildFile; fileRef = 4A1C442F20231C5100A3ADA5 /* Main.storyboard */; };
		4A1C443320231C5100A3ADA5 /* Assets.xcassets in Resources */ = {isa = PBXBuildFile; fileRef = 4A1C443220231C5100A3ADA5 /* Assets.xcassets */; };
		4A1C443620231C5100A3ADA5 /* LaunchScreen.storyboard in Resources */ = {isa = PBXBuildFile; fileRef = 4A1C443420231C5100A3ADA5 /* LaunchScreen.storyboard */; };
		4A5B5FD22023FE5900CA4B63 /* DataRequest+.swift in Sources */ = {isa = PBXBuildFile; fileRef = 4A5B5FC02023FE5900CA4B63 /* DataRequest+.swift */; };
		4A5B5FD32023FE5900CA4B63 /* MTLJSONAdapter+.swift in Sources */ = {isa = PBXBuildFile; fileRef = 4A5B5FC12023FE5900CA4B63 /* MTLJSONAdapter+.swift */; };
		4A5B5FD42023FE5900CA4B63 /* UIAlertController+.swift in Sources */ = {isa = PBXBuildFile; fileRef = 4A5B5FC22023FE5900CA4B63 /* UIAlertController+.swift */; };
		4A5B5FD52023FE5900CA4B63 /* NSObject+.swift in Sources */ = {isa = PBXBuildFile; fileRef = 4A5B5FC32023FE5900CA4B63 /* NSObject+.swift */; };
		4A5B5FD62023FE5900CA4B63 /* UIView+.swift in Sources */ = {isa = PBXBuildFile; fileRef = 4A5B5FC42023FE5900CA4B63 /* UIView+.swift */; };
		4A5B5FD72023FE5900CA4B63 /* String+.swift in Sources */ = {isa = PBXBuildFile; fileRef = 4A5B5FC52023FE5900CA4B63 /* String+.swift */; };
		4A5B5FD82023FE5900CA4B63 /* UIAlertView+.swift in Sources */ = {isa = PBXBuildFile; fileRef = 4A5B5FC62023FE5900CA4B63 /* UIAlertView+.swift */; };
		4A5B5FD92023FE5900CA4B63 /* UIViewController+.swift in Sources */ = {isa = PBXBuildFile; fileRef = 4A5B5FC72023FE5900CA4B63 /* UIViewController+.swift */; };
		4A5B5FDA2023FE5900CA4B63 /* UIViewController+SwiftAwake.swift in Sources */ = {isa = PBXBuildFile; fileRef = 4A5B5FC82023FE5900CA4B63 /* UIViewController+SwiftAwake.swift */; };
		4A5B5FDC2023FE5900CA4B63 /* MBProgressHUD+.swift in Sources */ = {isa = PBXBuildFile; fileRef = 4A5B5FCA2023FE5900CA4B63 /* MBProgressHUD+.swift */; };
		4A5B5FDD2023FE5900CA4B63 /* UICollectionView+.swift in Sources */ = {isa = PBXBuildFile; fileRef = 4A5B5FCB2023FE5900CA4B63 /* UICollectionView+.swift */; };
		4A5B5FDE2023FE5900CA4B63 /* Date+.swift in Sources */ = {isa = PBXBuildFile; fileRef = 4A5B5FCC2023FE5900CA4B63 /* Date+.swift */; };
		4A5B5FDF2023FE5900CA4B63 /* UITableView+.swift in Sources */ = {isa = PBXBuildFile; fileRef = 4A5B5FCD2023FE5900CA4B63 /* UITableView+.swift */; };
		4A5B5FE02023FE5900CA4B63 /* NSNumber+.swift in Sources */ = {isa = PBXBuildFile; fileRef = 4A5B5FCE2023FE5900CA4B63 /* NSNumber+.swift */; };
		4A5B5FE12023FE5900CA4B63 /* UIColor+.swift in Sources */ = {isa = PBXBuildFile; fileRef = 4A5B5FCF2023FE5900CA4B63 /* UIColor+.swift */; };
		4A5B5FE22023FE5900CA4B63 /* SwiftAwake.swift in Sources */ = {isa = PBXBuildFile; fileRef = 4A5B5FD02023FE5900CA4B63 /* SwiftAwake.swift */; };
		4A5B5FE32023FE5900CA4B63 /* UIView+Animation.swift in Sources */ = {isa = PBXBuildFile; fileRef = 4A5B5FD12023FE5900CA4B63 /* UIView+Animation.swift */; };
		4A5B5FEB202400BA00CA4B63 /* Resource of your application in Resources */ = {isa = PBXBuildFile; fileRef = 4A5B5FEA202400BA00CA4B63 /* Resource of your application */; };
		4A5B5FF02024012000CA4B63 /* Vender by third party in Resources */ = {isa = PBXBuildFile; fileRef = 4A5B5FEF2024012000CA4B63 /* Vender by third party */; };
		4A5B5FF22024013200CA4B63 /* Common part of your project, like base controller in Resources */ = {isa = PBXBuildFile; fileRef = 4A5B5FF12024013200CA4B63 /* Common part of your project, like base controller */; };
		4A5B5FF42024017F00CA4B63 /* Some tools class or function in Resources */ = {isa = PBXBuildFile; fileRef = 4A5B5FF32024017F00CA4B63 /* Some tools class or function */; };
		4A5B60AD202407DD00CA4B63 /* ___VARIABLE_CLASS_PREFIX___NavigationController.swift in Sources */ = {isa = PBXBuildFile; fileRef = 4A5B60AC202407DD00CA4B63 /* ___VARIABLE_CLASS_PREFIX___NavigationController.swift */; };
		4A5B643520243D7D00CA4B63 /* ___VARIABLE_CLASS_PREFIX___BaseController.swift in Sources */ = {isa = PBXBuildFile; fileRef = 4A5B643420243D7D00CA4B63 /* ___VARIABLE_CLASS_PREFIX___BaseController.swift */; };
		4A5B664D202446BE00CA4B63 /* ___VARIABLE_CLASS_PREFIX___Model.swift in Sources */ = {isa = PBXBuildFile; fileRef = 4A5B664C202446BE00CA4B63 /* ___VARIABLE_CLASS_PREFIX___Model.swift */; };
		4A5B66A5202447C600CA4B63 /* ___VARIABLE_CLASS_PREFIX___Configuration.swift in Sources */ = {isa = PBXBuildFile; fileRef = 4A5B66A4202447C600CA4B63 /* ___VARIABLE_CLASS_PREFIX___Configuration.swift */; };
		4A5B672220244B4800CA4B63 /* ___VARIABLE_CLASS_PREFIX___SplashController.swift in Sources */ = {isa = PBXBuildFile; fileRef = 4A5B672120244B4800CA4B63 /* ___VARIABLE_CLASS_PREFIX___SplashController.swift */; };
/* End PBXBuildFile section */

/* Begin PBXFileReference section */
		4A1C442820231C5100A3ADA5 /* iOS-Template.app */ = {isa = PBXFileReference; explicitFileType = wrapper.application; includeInIndex = 0; path = "iOS-Template.app"; sourceTree = BUILT_PRODUCTS_DIR; };
		4A1C442B20231C5100A3ADA5 /* AppDelegate.swift */ = {isa = PBXFileReference; lastKnownFileType = sourcecode.swift; path = AppDelegate.swift; sourceTree = "<group>"; };
		4A1C442D20231C5100A3ADA5 /* ViewController.swift */ = {isa = PBXFileReference; lastKnownFileType = sourcecode.swift; path = ViewController.swift; sourceTree = "<group>"; };
		4A1C443020231C5100A3ADA5 /* Base */ = {isa = PBXFileReference; lastKnownFileType = file.storyboard; name = Base; path = Base.lproj/Main.storyboard; sourceTree = "<group>"; };
		4A1C443220231C5100A3ADA5 /* Assets.xcassets */ = {isa = PBXFileReference; lastKnownFileType = folder.assetcatalog; path = Assets.xcassets; sourceTree = "<group>"; };
		4A1C443520231C5100A3ADA5 /* Base */ = {isa = PBXFileReference; lastKnownFileType = file.storyboard; name = Base; path = Base.lproj/LaunchScreen.storyboard; sourceTree = "<group>"; };
		4A1C443720231C5100A3ADA5 /* Info.plist */ = {isa = PBXFileReference; lastKnownFileType = text.plist.xml; path = Info.plist; sourceTree = "<group>"; };
		4A5B5FC02023FE5900CA4B63 /* DataRequest+.swift */ = {isa = PBXFileReference; fileEncoding = 4; lastKnownFileType = sourcecode.swift; path = "DataRequest+.swift"; sourceTree = "<group>"; };
		4A5B5FC12023FE5900CA4B63 /* MTLJSONAdapter+.swift */ = {isa = PBXFileReference; fileEncoding = 4; lastKnownFileType = sourcecode.swift; path = "MTLJSONAdapter+.swift"; sourceTree = "<group>"; };
		4A5B5FC22023FE5900CA4B63 /* UIAlertController+.swift */ = {isa = PBXFileReference; fileEncoding = 4; lastKnownFileType = sourcecode.swift; path = "UIAlertController+.swift"; sourceTree = "<group>"; };
		4A5B5FC32023FE5900CA4B63 /* NSObject+.swift */ = {isa = PBXFileReference; fileEncoding = 4; lastKnownFileType = sourcecode.swift; path = "NSObject+.swift"; sourceTree = "<group>"; };
		4A5B5FC42023FE5900CA4B63 /* UIView+.swift */ = {isa = PBXFileReference; fileEncoding = 4; lastKnownFileType = sourcecode.swift; path = "UIView+.swift"; sourceTree = "<group>"; };
		4A5B5FC52023FE5900CA4B63 /* String+.swift */ = {isa = PBXFileReference; fileEncoding = 4; lastKnownFileType = sourcecode.swift; path = "String+.swift"; sourceTree = "<group>"; };
		4A5B5FC62023FE5900CA4B63 /* UIAlertView+.swift */ = {isa = PBXFileReference; fileEncoding = 4; lastKnownFileType = sourcecode.swift; path = "UIAlertView+.swift"; sourceTree = "<group>"; };
		4A5B5FC72023FE5900CA4B63 /* UIViewController+.swift */ = {isa = PBXFileReference; fileEncoding = 4; lastKnownFileType = sourcecode.swift; path = "UIViewController+.swift"; sourceTree = "<group>"; };
		4A5B5FC82023FE5900CA4B63 /* UIViewController+SwiftAwake.swift */ = {isa = PBXFileReference; fileEncoding = 4; lastKnownFileType = sourcecode.swift; path = "UIViewController+SwiftAwake.swift"; sourceTree = "<group>"; };
		4A5B5FCA2023FE5900CA4B63 /* MBProgressHUD+.swift */ = {isa = PBXFileReference; fileEncoding = 4; lastKnownFileType = sourcecode.swift; path = "MBProgressHUD+.swift"; sourceTree = "<group>"; };
		4A5B5FCB2023FE5900CA4B63 /* UICollectionView+.swift */ = {isa = PBXFileReference; fileEncoding = 4; lastKnownFileType = sourcecode.swift; path = "UICollectionView+.swift"; sourceTree = "<group>"; };
		4A5B5FCC2023FE5900CA4B63 /* Date+.swift */ = {isa = PBXFileReference; fileEncoding = 4; lastKnownFileType = sourcecode.swift; path = "Date+.swift"; sourceTree = "<group>"; };
		4A5B5FCD2023FE5900CA4B63 /* UITableView+.swift */ = {isa = PBXFileReference; fileEncoding = 4; lastKnownFileType = sourcecode.swift; path = "UITableView+.swift"; sourceTree = "<group>"; };
		4A5B5FCE2023FE5900CA4B63 /* NSNumber+.swift */ = {isa = PBXFileReference; fileEncoding = 4; lastKnownFileType = sourcecode.swift; path = "NSNumber+.swift"; sourceTree = "<group>"; };
		4A5B5FCF2023FE5900CA4B63 /* UIColor+.swift */ = {isa = PBXFileReference; fileEncoding = 4; lastKnownFileType = sourcecode.swift; path = "UIColor+.swift"; sourceTree = "<group>"; };
		4A5B5FD02023FE5900CA4B63 /* SwiftAwake.swift */ = {isa = PBXFileReference; fileEncoding = 4; lastKnownFileType = sourcecode.swift; path = SwiftAwake.swift; sourceTree = "<group>"; };
		4A5B5FD12023FE5900CA4B63 /* UIView+Animation.swift */ = {isa = PBXFileReference; fileEncoding = 4; lastKnownFileType = sourcecode.swift; path = "UIView+Animation.swift"; sourceTree = "<group>"; };
		4A5B5FEA202400BA00CA4B63 /* Resource of your application */ = {isa = PBXFileReference; lastKnownFileType = text; path = "Resource of your application"; sourceTree = "<group>"; };
		4A5B5FEF2024012000CA4B63 /* Vender by third party */ = {isa = PBXFileReference; lastKnownFileType = text; path = "Vender by third party"; sourceTree = "<group>"; };
		4A5B5FF12024013200CA4B63 /* Common part of your project, like base controller */ = {isa = PBXFileReference; lastKnownFileType = text; path = "Common part of your project, like base controller"; sourceTree = "<group>"; };
		4A5B5FF32024017F00CA4B63 /* Some tools class or function */ = {isa = PBXFileReference; lastKnownFileType = text; path = "Some tools class or function"; sourceTree = "<group>"; };
		4A5B60AC202407DD00CA4B63 /* ___VARIABLE_CLASS_PREFIX___NavigationController.swift */ = {isa = PBXFileReference; fileEncoding = 4; lastKnownFileType = sourcecode.swift; path = "___VARIABLE_CLASS_PREFIX___NavigationController.swift"; sourceTree = "<group>"; };
		4A5B643420243D7D00CA4B63 /* ___VARIABLE_CLASS_PREFIX___BaseController.swift */ = {isa = PBXFileReference; fileEncoding = 4; lastKnownFileType = sourcecode.swift; path = "___VARIABLE_CLASS_PREFIX___BaseController.swift"; sourceTree = "<group>"; };
		4A5B664C202446BE00CA4B63 /* ___VARIABLE_CLASS_PREFIX___Model.swift */ = {isa = PBXFileReference; fileEncoding = 4; lastKnownFileType = sourcecode.swift; path = "___VARIABLE_CLASS_PREFIX___Model.swift"; sourceTree = "<group>"; };
		4A5B66A4202447C600CA4B63 /* ___VARIABLE_CLASS_PREFIX___Configuration.swift */ = {isa = PBXFileReference; lastKnownFileType = sourcecode.swift; path = "___VARIABLE_CLASS_PREFIX___Configuration.swift"; sourceTree = "<group>"; };
		4A5B672120244B4800CA4B63 /* ___VARIABLE_CLASS_PREFIX___SplashController.swift */ = {isa = PBXFileReference; fileEncoding = 4; lastKnownFileType = sourcecode.swift; path = "___VARIABLE_CLASS_PREFIX___SplashController.swift"; sourceTree = "<group>"; };
/* End PBXFileReference section */

/* Begin PBXFrameworksBuildPhase section */
		4A1C442520231C5100A3ADA5 /* Frameworks */ = {
			isa = PBXFrameworksBuildPhase;
			buildActionMask = 2147483647;
			files = (
			);
			runOnlyForDeploymentPostprocessing = 0;
		};
/* End PBXFrameworksBuildPhase section */

/* Begin PBXGroup section */
		4A1C441F20231C5100A3ADA5 = {
			isa = PBXGroup;
			children = (
				4A1C442A20231C5100A3ADA5 /* iOS-Template */,
				4A1C442920231C5100A3ADA5 /* Products */,
			);
			sourceTree = "<group>";
		};
		4A1C442920231C5100A3ADA5 /* Products */ = {
			isa = PBXGroup;
			children = (
				4A1C442820231C5100A3ADA5 /* iOS-Template.app */,
			);
			name = Products;
			sourceTree = "<group>";
		};
		4A1C442A20231C5100A3ADA5 /* iOS-Template */ = {
			isa = PBXGroup;
			children = (
				4A5B5FE62024004300CA4B63 /* Module */,
				4A5B5FEC202400E200CA4B63 /* Vender */,
				4A5B5FED202400E900CA4B63 /* Common */,
				4A5B5FEE202400F500CA4B63 /* Utilities */,
				4A5B5FE52023FE8C00CA4B63 /* Supporting Files */,
				4A5B5FBF2023FE5900CA4B63 /* Extension */,
				4A5B5FE9202400A900CA4B63 /* Resource */,
			);
			path = "iOS-Template";
			sourceTree = "<group>";
		};
		4A5B5FBF2023FE5900CA4B63 /* Extension */ = {
			isa = PBXGroup;
			children = (
				4A5B5FC02023FE5900CA4B63 /* DataRequest+.swift */,
				4A5B5FCC2023FE5900CA4B63 /* Date+.swift */,
				4A5B5FCA2023FE5900CA4B63 /* MBProgressHUD+.swift */,
				4A5B5FC12023FE5900CA4B63 /* MTLJSONAdapter+.swift */,
				4A5B5FCE2023FE5900CA4B63 /* NSNumber+.swift */,
				4A5B5FC32023FE5900CA4B63 /* NSObject+.swift */,
				4A5B5FC52023FE5900CA4B63 /* String+.swift */,
				4A5B5FD02023FE5900CA4B63 /* SwiftAwake.swift */,
				4A5B5FC22023FE5900CA4B63 /* UIAlertController+.swift */,
				4A5B5FC62023FE5900CA4B63 /* UIAlertView+.swift */,
				4A5B5FCB2023FE5900CA4B63 /* UICollectionView+.swift */,
				4A5B5FCF2023FE5900CA4B63 /* UIColor+.swift */,
				4A5B5FCD2023FE5900CA4B63 /* UITableView+.swift */,
				4A5B5FC42023FE5900CA4B63 /* UIView+.swift */,
				4A5B5FD12023FE5900CA4B63 /* UIView+Animation.swift */,
				4A5B5FC72023FE5900CA4B63 /* UIViewController+.swift */,
				4A5B5FC82023FE5900CA4B63 /* UIViewController+SwiftAwake.swift */,
			);
			path = Extension;
			sourceTree = "<group>";
		};
		4A5B5FE52023FE8C00CA4B63 /* Supporting Files */ = {
			isa = PBXGroup;
			children = (
				4A1C442B20231C5100A3ADA5 /* AppDelegate.swift */,
				4A1C442D20231C5100A3ADA5 /* ViewController.swift */,
				4A1C442F20231C5100A3ADA5 /* Main.storyboard */,
				4A1C443220231C5100A3ADA5 /* Assets.xcassets */,
				4A1C443420231C5100A3ADA5 /* LaunchScreen.storyboard */,
				4A1C443720231C5100A3ADA5 /* Info.plist */,
			);
			path = "Supporting Files";
			sourceTree = "<group>";
		};
		4A5B5FE62024004300CA4B63 /* Module */ = {
			isa = PBXGroup;
			children = (
				4A5B671D20244B3700CA4B63 /* Splash */,
			);
			path = Module;
			sourceTree = "<group>";
		};
		4A5B5FE9202400A900CA4B63 /* Resource */ = {
			isa = PBXGroup;
			children = (
				4A5B5FEA202400BA00CA4B63 /* Resource of your application */,
			);
			path = Resource;
			sourceTree = "<group>";
		};
		4A5B5FEC202400E200CA4B63 /* Vender */ = {
			isa = PBXGroup;
			children = (
				4A5B5FEF2024012000CA4B63 /* Vender by third party */,
			);
			path = Vender;
			sourceTree = "<group>";
		};
		4A5B5FED202400E900CA4B63 /* Common */ = {
			isa = PBXGroup;
			children = (
				4A5B60AC202407DD00CA4B63 /* ___VARIABLE_CLASS_PREFIX___NavigationController.swift */,
				4A5B643420243D7D00CA4B63 /* ___VARIABLE_CLASS_PREFIX___BaseController.swift */,
				4A5B664C202446BE00CA4B63 /* ___VARIABLE_CLASS_PREFIX___Model.swift */,
				4A5B66A4202447C600CA4B63 /* ___VARIABLE_CLASS_PREFIX___Configuration.swift */,
				4A5B5FF12024013200CA4B63 /* Common part of your project, like base controller */,
			);
			path = Common;
			sourceTree = "<group>";
		};
		4A5B5FEE202400F500CA4B63 /* Utilities */ = {
			isa = PBXGroup;
			children = (
				4A5B5FF32024017F00CA4B63 /* Some tools class or function */,
			);
			path = Utilities;
			sourceTree = "<group>";
		};
		4A5B671D20244B3700CA4B63 /* Splash */ = {
			isa = PBXGroup;
			children = (
				4A5B671E20244B3700CA4B63 /* Controller */,
			);
			path = Splash;
			sourceTree = "<group>";
		};
		4A5B671E20244B3700CA4B63 /* Controller */ = {
			isa = PBXGroup;
			children = (
				4A5B672120244B4800CA4B63 /* ___VARIABLE_CLASS_PREFIX___SplashController.swift */,
			);
			path = Controller;
			sourceTree = "<group>";
		};
/* End PBXGroup section */

/* Begin PBXNativeTarget section */
		4A1C442720231C5100A3ADA5 /* iOS-Template */ = {
			isa = PBXNativeTarget;
			buildConfigurationList = 4A1C443A20231C5100A3ADA5 /* Build configuration list for PBXNativeTarget "iOS-Template" */;
			buildPhases = (
				4A1C442420231C5100A3ADA5 /* Sources */,
				4A1C442520231C5100A3ADA5 /* Frameworks */,
				4A1C442620231C5100A3ADA5 /* Resources */,
			);
			buildRules = (
			);
			dependencies = (
			);
			name = "iOS-Template";
			productName = "iOS-Template";
			productReference = 4A1C442820231C5100A3ADA5 /* iOS-Template.app */;
			productType = "com.apple.product-type.application";
		};
/* End PBXNativeTarget section */

/* Begin PBXProject section */
		4A1C442020231C5100A3ADA5 /* Project object */ = {
			isa = PBXProject;
			attributes = {
				LastSwiftUpdateCheck = 0920;
				LastUpgradeCheck = 0920;
				ORGANIZATIONNAME = Trinity;
				TargetAttributes = {
					4A1C442720231C5100A3ADA5 = {
						CreatedOnToolsVersion = 9.2;
						ProvisioningStyle = Automatic;
					};
				};
			};
			buildConfigurationList = 4A1C442320231C5100A3ADA5 /* Build configuration list for PBXProject "iOS-Template" */;
			compatibilityVersion = "Xcode 8.0";
			developmentRegion = en;
			hasScannedForEncodings = 0;
			knownRegions = (
				en,
				Base,
			);
			mainGroup = 4A1C441F20231C5100A3ADA5;
			productRefGroup = 4A1C442920231C5100A3ADA5 /* Products */;
			projectDirPath = "";
			projectRoot = "";
			targets = (
				4A1C442720231C5100A3ADA5 /* iOS-Template */,
			);
		};
/* End PBXProject section */

/* Begin PBXResourcesBuildPhase section */
		4A1C442620231C5100A3ADA5 /* Resources */ = {
			isa = PBXResourcesBuildPhase;
			buildActionMask = 2147483647;
			files = (
				4A5B5FF02024012000CA4B63 /* Vender by third party in Resources */,
				4A5B5FEB202400BA00CA4B63 /* Resource of your application in Resources */,
				4A1C443620231C5100A3ADA5 /* LaunchScreen.storyboard in Resources */,
				4A1C443320231C5100A3ADA5 /* Assets.xcassets in Resources */,
				4A1C443120231C5100A3ADA5 /* Main.storyboard in Resources */,
				4A5B5FF42024017F00CA4B63 /* Some tools class or function in Resources */,
				4A5B5FF22024013200CA4B63 /* Common part of your project, like base controller in Resources */,
			);
			runOnlyForDeploymentPostprocessing = 0;
		};
/* End PBXResourcesBuildPhase section */

/* Begin PBXSourcesBuildPhase section */
		4A1C442420231C5100A3ADA5 /* Sources */ = {
			isa = PBXSourcesBuildPhase;
			buildActionMask = 2147483647;
			files = (
				4A5B5FDD2023FE5900CA4B63 /* UICollectionView+.swift in Sources */,
				4A5B5FD82023FE5900CA4B63 /* UIAlertView+.swift in Sources */,
				4A1C442E20231C5100A3ADA5 /* ViewController.swift in Sources */,
				4A5B5FDF2023FE5900CA4B63 /* UITableView+.swift in Sources */,
				4A5B5FD92023FE5900CA4B63 /* UIViewController+.swift in Sources */,
				4A5B5FE32023FE5900CA4B63 /* UIView+Animation.swift in Sources */,
				4A5B5FD52023FE5900CA4B63 /* NSObject+.swift in Sources */,
				4A5B5FDA2023FE5900CA4B63 /* UIViewController+SwiftAwake.swift in Sources */,
				4A5B5FD72023FE5900CA4B63 /* String+.swift in Sources */,
				4A5B5FE12023FE5900CA4B63 /* UIColor+.swift in Sources */,
				4A5B5FDE2023FE5900CA4B63 /* Date+.swift in Sources */,
				4A5B5FD62023FE5900CA4B63 /* UIView+.swift in Sources */,
				4A5B5FDC2023FE5900CA4B63 /* MBProgressHUD+.swift in Sources */,
				4A1C442C20231C5100A3ADA5 /* AppDelegate.swift in Sources */,
				4A5B5FD22023FE5900CA4B63 /* DataRequest+.swift in Sources */,
				4A5B5FD32023FE5900CA4B63 /* MTLJSONAdapter+.swift in Sources */,
				4A5B5FD42023FE5900CA4B63 /* UIAlertController+.swift in Sources */,
				4A5B5FE02023FE5900CA4B63 /* NSNumber+.swift in Sources */,
				4A5B60AD202407DD00CA4B63 /* ___VARIABLE_CLASS_PREFIX___NavigationController.swift in Sources */,
				4A5B66A5202447C600CA4B63 /* ___VARIABLE_CLASS_PREFIX___Configuration.swift in Sources */,
				4A5B5FE22023FE5900CA4B63 /* SwiftAwake.swift in Sources */,
				4A5B672220244B4800CA4B63 /* ___VARIABLE_CLASS_PREFIX___SplashController.swift in Sources */,
				4A5B664D202446BE00CA4B63 /* ___VARIABLE_CLASS_PREFIX___Model.swift in Sources */,
				4A5B643520243D7D00CA4B63 /* ___VARIABLE_CLASS_PREFIX___BaseController.swift in Sources */,
			);
			runOnlyForDeploymentPostprocessing = 0;
		};
/* End PBXSourcesBuildPhase section */

/* Begin PBXVariantGroup section */
		4A1C442F20231C5100A3ADA5 /* Main.storyboard */ = {
			isa = PBXVariantGroup;
			children = (
				4A1C443020231C5100A3ADA5 /* Base */,
			);
			name = Main.storyboard;
			sourceTree = "<group>";
		};
		4A1C443420231C5100A3ADA5 /* LaunchScreen.storyboard */ = {
			isa = PBXVariantGroup;
			children = (
				4A1C443520231C5100A3ADA5 /* Base */,
			);
			name = LaunchScreen.storyboard;
			sourceTree = "<group>";
		};
/* End PBXVariantGroup section */

/* Begin XCBuildConfiguration section */
		4A1C443820231C5100A3ADA5 /* Debug */ = {
			isa = XCBuildConfiguration;
			buildSettings = {
				ALWAYS_SEARCH_USER_PATHS = NO;
				CLANG_ANALYZER_NONNULL = YES;
				CLANG_ANALYZER_NUMBER_OBJECT_CONVERSION = YES_AGGRESSIVE;
				CLANG_CXX_LANGUAGE_STANDARD = "gnu++14";
				CLANG_CXX_LIBRARY = "libc++";
				CLANG_ENABLE_MODULES = YES;
				CLANG_ENABLE_OBJC_ARC = YES;
				CLANG_WARN_BLOCK_CAPTURE_AUTORELEASING = YES;
				CLANG_WARN_BOOL_CONVERSION = YES;
				CLANG_WARN_COMMA = YES;
				CLANG_WARN_CONSTANT_CONVERSION = YES;
				CLANG_WARN_DIRECT_OBJC_ISA_USAGE = YES_ERROR;
				CLANG_WARN_DOCUMENTATION_COMMENTS = YES;
				CLANG_WARN_EMPTY_BODY = YES;
				CLANG_WARN_ENUM_CONVERSION = YES;
				CLANG_WARN_INFINITE_RECURSION = YES;
				CLANG_WARN_INT_CONVERSION = YES;
				CLANG_WARN_NON_LITERAL_NULL_CONVERSION = YES;
				CLANG_WARN_OBJC_LITERAL_CONVERSION = YES;
				CLANG_WARN_OBJC_ROOT_CLASS = YES_ERROR;
				CLANG_WARN_RANGE_LOOP_ANALYSIS = YES;
				CLANG_WARN_STRICT_PROTOTYPES = YES;
				CLANG_WARN_SUSPICIOUS_MOVE = YES;
				CLANG_WARN_UNGUARDED_AVAILABILITY = YES_AGGRESSIVE;
				CLANG_WARN_UNREACHABLE_CODE = YES;
				CLANG_WARN__DUPLICATE_METHOD_MATCH = YES;
				CODE_SIGN_IDENTITY = "iPhone Developer";
				COPY_PHASE_STRIP = NO;
				DEBUG_INFORMATION_FORMAT = dwarf;
				ENABLE_STRICT_OBJC_MSGSEND = YES;
				ENABLE_TESTABILITY = YES;
				GCC_C_LANGUAGE_STANDARD = gnu11;
				GCC_DYNAMIC_NO_PIC = NO;
				GCC_NO_COMMON_BLOCKS = YES;
				GCC_OPTIMIZATION_LEVEL = 0;
				GCC_PREPROCESSOR_DEFINITIONS = (
					"DEBUG=1",
					"$(inherited)",
				);
				GCC_WARN_64_TO_32_BIT_CONVERSION = YES;
				GCC_WARN_ABOUT_RETURN_TYPE = YES_ERROR;
				GCC_WARN_UNDECLARED_SELECTOR = YES;
				GCC_WARN_UNINITIALIZED_AUTOS = YES_AGGRESSIVE;
				GCC_WARN_UNUSED_FUNCTION = YES;
				GCC_WARN_UNUSED_VARIABLE = YES;
				IPHONEOS_DEPLOYMENT_TARGET = 11.2;
				MTL_ENABLE_DEBUG_INFO = YES;
				ONLY_ACTIVE_ARCH = YES;
				SDKROOT = iphoneos;
				SWIFT_ACTIVE_COMPILATION_CONDITIONS = DEBUG;
				SWIFT_OPTIMIZATION_LEVEL = "-Onone";
			};
			name = Debug;
		};
		4A1C443920231C5100A3ADA5 /* Release */ = {
			isa = XCBuildConfiguration;
			buildSettings = {
				ALWAYS_SEARCH_USER_PATHS = NO;
				CLANG_ANALYZER_NONNULL = YES;
				CLANG_ANALYZER_NUMBER_OBJECT_CONVERSION = YES_AGGRESSIVE;
				CLANG_CXX_LANGUAGE_STANDARD = "gnu++14";
				CLANG_CXX_LIBRARY = "libc++";
				CLANG_ENABLE_MODULES = YES;
				CLANG_ENABLE_OBJC_ARC = YES;
				CLANG_WARN_BLOCK_CAPTURE_AUTORELEASING = YES;
				CLANG_WARN_BOOL_CONVERSION = YES;
				CLANG_WARN_COMMA = YES;
				CLANG_WARN_CONSTANT_CONVERSION = YES;
				CLANG_WARN_DIRECT_OBJC_ISA_USAGE = YES_ERROR;
				CLANG_WARN_DOCUMENTATION_COMMENTS = YES;
				CLANG_WARN_EMPTY_BODY = YES;
				CLANG_WARN_ENUM_CONVERSION = YES;
				CLANG_WARN_INFINITE_RECURSION = YES;
				CLANG_WARN_INT_CONVERSION = YES;
				CLANG_WARN_NON_LITERAL_NULL_CONVERSION = YES;
				CLANG_WARN_OBJC_LITERAL_CONVERSION = YES;
				CLANG_WARN_OBJC_ROOT_CLASS = YES_ERROR;
				CLANG_WARN_RANGE_LOOP_ANALYSIS = YES;
				CLANG_WARN_STRICT_PROTOTYPES = YES;
				CLANG_WARN_SUSPICIOUS_MOVE = YES;
				CLANG_WARN_UNGUARDED_AVAILABILITY = YES_AGGRESSIVE;
				CLANG_WARN_UNREACHABLE_CODE = YES;
				CLANG_WARN__DUPLICATE_METHOD_MATCH = YES;
				CODE_SIGN_IDENTITY = "iPhone Developer";
				COPY_PHASE_STRIP = NO;
				DEBUG_INFORMATION_FORMAT = "dwarf-with-dsym";
				ENABLE_NS_ASSERTIONS = NO;
				ENABLE_STRICT_OBJC_MSGSEND = YES;
				GCC_C_LANGUAGE_STANDARD = gnu11;
				GCC_NO_COMMON_BLOCKS = YES;
				GCC_WARN_64_TO_32_BIT_CONVERSION = YES;
				GCC_WARN_ABOUT_RETURN_TYPE = YES_ERROR;
				GCC_WARN_UNDECLARED_SELECTOR = YES;
				GCC_WARN_UNINITIALIZED_AUTOS = YES_AGGRESSIVE;
				GCC_WARN_UNUSED_FUNCTION = YES;
				GCC_WARN_UNUSED_VARIABLE = YES;
				IPHONEOS_DEPLOYMENT_TARGET = 11.2;
				MTL_ENABLE_DEBUG_INFO = NO;
				SDKROOT = iphoneos;
				SWIFT_OPTIMIZATION_LEVEL = "-Owholemodule";
				VALIDATE_PRODUCT = YES;
			};
			name = Release;
		};
		4A1C443B20231C5100A3ADA5 /* Debug */ = {
			isa = XCBuildConfiguration;
			buildSettings = {
				ASSETCATALOG_COMPILER_APPICON_NAME = AppIcon;
				CODE_SIGN_STYLE = Automatic;
				DEVELOPMENT_TEAM = 658Q7J5C89;
				INFOPLIST_FILE = "iOS-Template/Info.plist";
				LD_RUNPATH_SEARCH_PATHS = "$(inherited) @executable_path/Frameworks";
				PRODUCT_BUNDLE_IDENTIFIER = "cn.mangonob.iOS-Template";
				PRODUCT_NAME = "$(TARGET_NAME)";
				SWIFT_VERSION = 4.0;
				TARGETED_DEVICE_FAMILY = "1,2";
			};
			name = Debug;
		};
		4A1C443C20231C5100A3ADA5 /* Release */ = {
			isa = XCBuildConfiguration;
			buildSettings = {
				ASSETCATALOG_COMPILER_APPICON_NAME = AppIcon;
				CODE_SIGN_STYLE = Automatic;
				DEVELOPMENT_TEAM = 658Q7J5C89;
				INFOPLIST_FILE = "iOS-Template/Info.plist";
				LD_RUNPATH_SEARCH_PATHS = "$(inherited) @executable_path/Frameworks";
				PRODUCT_BUNDLE_IDENTIFIER = "cn.mangonob.iOS-Template";
				PRODUCT_NAME = "$(TARGET_NAME)";
				SWIFT_VERSION = 4.0;
				TARGETED_DEVICE_FAMILY = "1,2";
			};
			name = Release;
		};
/* End XCBuildConfiguration section */

/* Begin XCConfigurationList section */
		4A1C442320231C5100A3ADA5 /* Build configuration list for PBXProject "iOS-Template" */ = {
			isa = XCConfigurationList;
			buildConfigurations = (
				4A1C443820231C5100A3ADA5 /* Debug */,
				4A1C443920231C5100A3ADA5 /* Release */,
			);
			defaultConfigurationIsVisible = 0;
			defaultConfigurationName = Release;
		};
		4A1C443A20231C5100A3ADA5 /* Build configuration list for PBXNativeTarget "iOS-Template" */ = {
			isa = XCConfigurationList;
			buildConfigurations = (
				4A1C443B20231C5100A3ADA5 /* Debug */,
				4A1C443C20231C5100A3ADA5 /* Release */,
			);
			defaultConfigurationIsVisible = 0;
			defaultConfigurationName = Release;
		};
/* End XCConfigurationList section */
	};
	rootObject = 4A1C442020231C5100A3ADA5 /* Project object */;
}
